// !$*UTF8*$!
{
	archiveVersion = 1;
	classes = {
	};
	objectVersion = 46;
	objects = {

/* Begin PBXBuildFile section */
		47A098E21EF4D83E007699FE /* AppDelegate.swift in Sources */ = {isa = PBXBuildFile; fileRef = 47A098E11EF4D83E007699FE /* AppDelegate.swift */; };
		47A098E41EF4D83E007699FE /* ViewController.swift in Sources */ = {isa = PBXBuildFile; fileRef = 47A098E31EF4D83E007699FE /* ViewController.swift */; };
		47A098E71EF4D83E007699FE /* Main.storyboard in Resources */ = {isa = PBXBuildFile; fileRef = 47A098E51EF4D83E007699FE /* Main.storyboard */; };
		47A098E91EF4D83E007699FE /* Assets.xcassets in Resources */ = {isa = PBXBuildFile; fileRef = 47A098E81EF4D83E007699FE /* Assets.xcassets */; };
		47A098EC1EF4D83E007699FE /* LaunchScreen.storyboard in Resources */ = {isa = PBXBuildFile; fileRef = 47A098EA1EF4D83E007699FE /* LaunchScreen.storyboard */; };
		47A098FC1EF4DDDF007699FE /* GoogleService-Info.plist in Resources */ = {isa = PBXBuildFile; fileRef = 47A098FB1EF4DDDF007699FE /* GoogleService-Info.plist */; };
		47A098FE1EF4DE1F007699FE /* AccountVC.swift in Sources */ = {isa = PBXBuildFile; fileRef = 47A098FD1EF4DE1F007699FE /* AccountVC.swift */; };
		47C7F2BD1EFA23AF00AC624A /* SwiftCalc.framework in Frameworks */ = {isa = PBXBuildFile; fileRef = 47C7F2BC1EFA23AF00AC624A /* SwiftCalc.framework */; };
		47C7F2BE1EFA23AF00AC624A /* SwiftCalc.framework in Embed Frameworks */ = {isa = PBXBuildFile; fileRef = 47C7F2BC1EFA23AF00AC624A /* SwiftCalc.framework */; settings = {ATTRIBUTES = (CodeSignOnCopy, RemoveHeadersOnCopy, ); }; };
		A69F9AD6CD2E30F2CD14C93B /* Pods_MyCalx.framework in Frameworks */ = {isa = PBXBuildFile; fileRef = 468C401E43FF41E7B30D3C1E /* Pods_MyCalx.framework */; };
/* End PBXBuildFile section */

/* Begin PBXCopyFilesBuildPhase section */
		47A098FA1EF4DCE9007699FE /* Embed Frameworks */ = {
			isa = PBXCopyFilesBuildPhase;
			buildActionMask = 2147483647;
			dstPath = "";
			dstSubfolderSpec = 10;
			files = (
				47C7F2BE1EFA23AF00AC624A /* SwiftCalc.framework in Embed Frameworks */,
			);
			name = "Embed Frameworks";
			runOnlyForDeploymentPostprocessing = 0;
		};
/* End PBXCopyFilesBuildPhase section */

/* Begin PBXFileReference section */
		468C401E43FF41E7B30D3C1E /* Pods_MyCalx.framework */ = {isa = PBXFileReference; explicitFileType = wrapper.framework; includeInIndex = 0; path = Pods_MyCalx.framework; sourceTree = BUILT_PRODUCTS_DIR; };
		47A098DE1EF4D83E007699FE /* MyCalx.app */ = {isa = PBXFileReference; explicitFileType = wrapper.application; includeInIndex = 0; path = MyCalx.app; sourceTree = BUILT_PRODUCTS_DIR; };
		47A098E11EF4D83E007699FE /* AppDelegate.swift */ = {isa = PBXFileReference; lastKnownFileType = sourcecode.swift; path = AppDelegate.swift; sourceTree = "<group>"; };
		47A098E31EF4D83E007699FE /* ViewController.swift */ = {isa = PBXFileReference; lastKnownFileType = sourcecode.swift; path = ViewController.swift; sourceTree = "<group>"; };
		47A098E61EF4D83E007699FE /* Base */ = {isa = PBXFileReference; lastKnownFileType = file.storyboard; name = Base; path = Base.lproj/Main.storyboard; sourceTree = "<group>"; };
		47A098E81EF4D83E007699FE /* Assets.xcassets */ = {isa = PBXFileReference; lastKnownFileType = folder.assetcatalog; path = Assets.xcassets; sourceTree = "<group>"; };
		47A098EB1EF4D83E007699FE /* Base */ = {isa = PBXFileReference; lastKnownFileType = file.storyboard; name = Base; path = Base.lproj/LaunchScreen.storyboard; sourceTree = "<group>"; };
		47A098ED1EF4D83E007699FE /* Info.plist */ = {isa = PBXFileReference; lastKnownFileType = text.plist.xml; path = Info.plist; sourceTree = "<group>"; };
		47A098F61EF4DCD3007699FE /* CoreCalculator.framework */ = {isa = PBXFileReference; lastKnownFileType = wrapper.framework; path = CoreCalculator.framework; sourceTree = "<group>"; };
		47A098FB1EF4DDDF007699FE /* GoogleService-Info.plist */ = {isa = PBXFileReference; fileEncoding = 4; lastKnownFileType = text.plist.xml; path = "GoogleService-Info.plist"; sourceTree = "<group>"; };
		47A098FD1EF4DE1F007699FE /* AccountVC.swift */ = {isa = PBXFileReference; fileEncoding = 4; lastKnownFileType = sourcecode.swift; path = AccountVC.swift; sourceTree = "<group>"; };
		47C7F2BC1EFA23AF00AC624A /* SwiftCalc.framework */ = {isa = PBXFileReference; lastKnownFileType = wrapper.framework; name = SwiftCalc.framework; path = "../../../Library/Developer/Xcode/DerivedData/SwiftCalc-hdfmdkfbpiphslgpoaeaemjnfeml/Build/Products/Debug-iphoneos/SwiftCalc.framework"; sourceTree = "<group>"; };
		8A3F13BD2F6B749485122B0C /* Pods-MyCalx.debug.xcconfig */ = {isa = PBXFileReference; includeInIndex = 1; lastKnownFileType = text.xcconfig; name = "Pods-MyCalx.debug.xcconfig"; path = "Pods/Target Support Files/Pods-MyCalx/Pods-MyCalx.debug.xcconfig"; sourceTree = "<group>"; };
		F7DE2A174AADEDD789C4212E /* Pods-MyCalx.release.xcconfig */ = {isa = PBXFileReference; includeInIndex = 1; lastKnownFileType = text.xcconfig; name = "Pods-MyCalx.release.xcconfig"; path = "Pods/Target Support Files/Pods-MyCalx/Pods-MyCalx.release.xcconfig"; sourceTree = "<group>"; };
/* End PBXFileReference section */

/* Begin PBXFrameworksBuildPhase section */
		47A098DB1EF4D83E007699FE /* Frameworks */ = {
			isa = PBXFrameworksBuildPhase;
			buildActionMask = 2147483647;
			files = (
				A69F9AD6CD2E30F2CD14C93B /* Pods_MyCalx.framework in Frameworks */,
				47C7F2BD1EFA23AF00AC624A /* SwiftCalc.framework in Frameworks */,
			);
			runOnlyForDeploymentPostprocessing = 0;
		};
/* End PBXFrameworksBuildPhase section */

/* Begin PBXGroup section */
		47A098D51EF4D83E007699FE = {
			isa = PBXGroup;
			children = (
				47C7F2BC1EFA23AF00AC624A /* SwiftCalc.framework */,
				47A098E01EF4D83E007699FE /* MyCalx */,
				47A098DF1EF4D83E007699FE /* Products */,
				A8BFE13C20A8326AF861A6A7 /* Pods */,
				602206EC67C1ACBD5EA84690 /* Frameworks */,
			);
			sourceTree = "<group>";
		};
		47A098DF1EF4D83E007699FE /* Products */ = {
			isa = PBXGroup;
			children = (
				47A098DE1EF4D83E007699FE /* MyCalx.app */,
			);
			name = Products;
			sourceTree = "<group>";
		};
		47A098E01EF4D83E007699FE /* MyCalx */ = {
			isa = PBXGroup;
			children = (
				47A098E11EF4D83E007699FE /* AppDelegate.swift */,
				47A098E31EF4D83E007699FE /* ViewController.swift */,
				47A098FD1EF4DE1F007699FE /* AccountVC.swift */,
				47A098E51EF4D83E007699FE /* Main.storyboard */,
				47A098E81EF4D83E007699FE /* Assets.xcassets */,
				47A098EA1EF4D83E007699FE /* LaunchScreen.storyboard */,
				47A098FB1EF4DDDF007699FE /* GoogleService-Info.plist */,
				47A098ED1EF4D83E007699FE /* Info.plist */,
			);
			path = MyCalx;
			sourceTree = "<group>";
		};
		602206EC67C1ACBD5EA84690 /* Frameworks */ = {
			isa = PBXGroup;
			children = (
				47A098F61EF4DCD3007699FE /* CoreCalculator.framework */,
				468C401E43FF41E7B30D3C1E /* Pods_MyCalx.framework */,
			);
			name = Frameworks;
			sourceTree = "<group>";
		};
		A8BFE13C20A8326AF861A6A7 /* Pods */ = {
			isa = PBXGroup;
			children = (
				8A3F13BD2F6B749485122B0C /* Pods-MyCalx.debug.xcconfig */,
				F7DE2A174AADEDD789C4212E /* Pods-MyCalx.release.xcconfig */,
			);
			name = Pods;
			sourceTree = "<group>";
		};
/* End PBXGroup section */

/* Begin PBXNativeTarget section */
		47A098DD1EF4D83E007699FE /* MyCalx */ = {
			isa = PBXNativeTarget;
			buildConfigurationList = 47A098F01EF4D83E007699FE /* Build configuration list for PBXNativeTarget "MyCalx" */;
			buildPhases = (
				046EAC9BFAA68F6194033385 /* [CP] Check Pods Manifest.lock */,
				47A098DA1EF4D83E007699FE /* Sources */,
				47A098DB1EF4D83E007699FE /* Frameworks */,
				47A098DC1EF4D83E007699FE /* Resources */,
				1BC0A93C094BF06AF2DDCEAC /* [CP] Embed Pods Frameworks */,
				506F7298173C0B61376612D0 /* [CP] Copy Pods Resources */,
				47A098FA1EF4DCE9007699FE /* Embed Frameworks */,
			);
			buildRules = (
			);
			dependencies = (
			);
			name = MyCalx;
			productName = MyCalx;
			productReference = 47A098DE1EF4D83E007699FE /* MyCalx.app */;
			productType = "com.apple.product-type.application";
		};
/* End PBXNativeTarget section */

/* Begin PBXProject section */
		47A098D61EF4D83E007699FE /* Project object */ = {
			isa = PBXProject;
			attributes = {
				LastSwiftUpdateCheck = 0830;
				LastUpgradeCheck = 0830;
				ORGANIZATIONNAME = "Diparth Patel";
				TargetAttributes = {
					47A098DD1EF4D83E007699FE = {
						CreatedOnToolsVersion = 8.3.2;
						DevelopmentTeam = 4V349GT37D;
						ProvisioningStyle = Automatic;
					};
				};
			};
			buildConfigurationList = 47A098D91EF4D83E007699FE /* Build configuration list for PBXProject "MyCalx" */;
			compatibilityVersion = "Xcode 3.2";
			developmentRegion = English;
			hasScannedForEncodings = 0;
			knownRegions = (
				en,
				Base,
			);
			mainGroup = 47A098D51EF4D83E007699FE;
			productRefGroup = 47A098DF1EF4D83E007699FE /* Products */;
			projectDirPath = "";
			projectRoot = "";
			targets = (
				47A098DD1EF4D83E007699FE /* MyCalx */,
			);
		};
/* End PBXProject section */

/* Begin PBXResourcesBuildPhase section */
		47A098DC1EF4D83E007699FE /* Resources */ = {
			isa = PBXResourcesBuildPhase;
			buildActionMask = 2147483647;
			files = (
				47A098FC1EF4DDDF007699FE /* GoogleService-Info.plist in Resources */,
				47A098EC1EF4D83E007699FE /* LaunchScreen.storyboard in Resources */,
				47A098E91EF4D83E007699FE /* Assets.xcassets in Resources */,
				47A098E71EF4D83E007699FE /* Main.storyboard in Resources */,
			);
			runOnlyForDeploymentPostprocessing = 0;
		};
/* End PBXResourcesBuildPhase section */

/* Begin PBXShellScriptBuildPhase section */
		046EAC9BFAA68F6194033385 /* [CP] Check Pods Manifest.lock */ = {
			isa = PBXShellScriptBuildPhase;
			buildActionMask = 2147483647;
			files = (
			);
			inputPaths = (
			);
			name = "[CP] Check Pods Manifest.lock";
			outputPaths = (
			);
			runOnlyForDeploymentPostprocessing = 0;
			shellPath = /bin/sh;
			shellScript = "diff \"${PODS_PODFILE_DIR_PATH}/Podfile.lock\" \"${PODS_ROOT}/Manifest.lock\" > /dev/null\nif [ $? != 0 ] ; then\n    # print error to STDERR\n    echo \"error: The sandbox is not in sync with the Podfile.lock. Run 'pod install' or update your CocoaPods installation.\" >&2\n    exit 1\nfi\n";
			showEnvVarsInLog = 0;
		};
		1BC0A93C094BF06AF2DDCEAC /* [CP] Embed Pods Frameworks */ = {
			isa = PBXShellScriptBuildPhase;
			buildActionMask = 2147483647;
			files = (
			);
			inputPaths = (
			);
			name = "[CP] Embed Pods Frameworks";
			outputPaths = (
			);
			runOnlyForDeploymentPostprocessing = 0;
			shellPath = /bin/sh;
			shellScript = "\"${SRCROOT}/Pods/Target Support Files/Pods-MyCalx/Pods-MyCalx-frameworks.sh\"\n";
			showEnvVarsInLog = 0;
		};
		506F7298173C0B61376612D0 /* [CP] Copy Pods Resources */ = {
			isa = PBXShellScriptBuildPhase;
			buildActionMask = 2147483647;
			files = (
			);
			inputPaths = (
			);
			name = "[CP] Copy Pods Resources";
			outputPaths = (
			);
			runOnlyForDeploymentPostprocessing = 0;
			shellPath = /bin/sh;
			shellScript = "\"${SRCROOT}/Pods/Target Support Files/Pods-MyCalx/Pods-MyCalx-resources.sh\"\n";
			showEnvVarsInLog = 0;
		};
/* End PBXShellScriptBuildPhase section */

/* Begin PBXSourcesBuildPhase section */
		47A098DA1EF4D83E007699FE /* Sources */ = {
			isa = PBXSourcesBuildPhase;
			buildActionMask = 2147483647;
			files = (
				47A098E41EF4D83E007699FE /* ViewController.swift in Sources */,
				47A098E21EF4D83E007699FE /* AppDelegate.swift in Sources */,
				47A098FE1EF4DE1F007699FE /* AccountVC.swift in Sources */,
			);
			runOnlyForDeploymentPostprocessing = 0;
		};
/* End PBXSourcesBuildPhase section */

/* Begin PBXVariantGroup section */
		47A098E51EF4D83E007699FE /* Main.storyboard */ = {
			isa = PBXVariantGroup;
			children = (
				47A098E61EF4D83E007699FE /* Base */,
			);
			name = Main.storyboard;
			sourceTree = "<group>";
		};
		47A098EA1EF4D83E007699FE /* LaunchScreen.storyboard */ = {
			isa = PBXVariantGroup;
			children = (
				47A098EB1EF4D83E007699FE /* Base */,
			);
			name = LaunchScreen.storyboard;
			sourceTree = "<group>";
		};
/* End PBXVariantGroup section */

/* Begin XCBuildConfiguration section */
		47A098EE1EF4D83E007699FE /* Debug */ = {
			isa = XCBuildConfiguration;
			buildSettings = {
				ALWAYS_SEARCH_USER_PATHS = NO;
				CLANG_ANALYZER_NONNULL = YES;
				CLANG_ANALYZER_NUMBER_OBJECT_CONVERSION = YES_AGGRESSIVE;
				CLANG_CXX_LANGUAGE_STANDARD = "gnu++0x";
				CLANG_CXX_LIBRARY = "libc++";
				CLANG_ENABLE_MODULES = YES;
				CLANG_ENABLE_OBJC_ARC = YES;
				CLANG_WARN_BOOL_CONVERSION = YES;
				CLANG_WARN_CONSTANT_CONVERSION = YES;
				CLANG_WARN_DIRECT_OBJC_ISA_USAGE = YES_ERROR;
				CLANG_WARN_DOCUMENTATION_COMMENTS = YES;
				CLANG_WARN_EMPTY_BODY = YES;
				CLANG_WARN_ENUM_CONVERSION = YES;
				CLANG_WARN_INFINITE_RECURSION = YES;
				CLANG_WARN_INT_CONVERSION = YES;
				CLANG_WARN_OBJC_ROOT_CLASS = YES_ERROR;
				CLANG_WARN_SUSPICIOUS_MOVE = YES;
				CLANG_WARN_UNREACHABLE_CODE = YES;
				CLANG_WARN__DUPLICATE_METHOD_MATCH = YES;
				"CODE_SIGN_IDENTITY[sdk=iphoneos*]" = "iPhone Developer";
				COPY_PHASE_STRIP = NO;
				DEBUG_INFORMATION_FORMAT = dwarf;
				ENABLE_STRICT_OBJC_MSGSEND = YES;
				ENABLE_TESTABILITY = YES;
				GCC_C_LANGUAGE_STANDARD = gnu99;
				GCC_DYNAMIC_NO_PIC = NO;
				GCC_NO_COMMON_BLOCKS = YES;
				GCC_OPTIMIZATION_LEVEL = 0;
				GCC_PREPROCESSOR_DEFINITIONS = (
					"DEBUG=1",
					"$(inherited)",
				);
				GCC_WARN_64_TO_32_BIT_CONVERSION = YES;
				GCC_WARN_ABOUT_RETURN_TYPE = YES_ERROR;
				GCC_WARN_UNDECLARED_SELECTOR = YES;
				GCC_WARN_UNINITIALIZED_AUTOS = YES_AGGRESSIVE;
				GCC_WARN_UNUSED_FUNCTION = YES;
				GCC_WARN_UNUSED_VARIABLE = YES;
				IPHONEOS_DEPLOYMENT_TARGET = 11.0;
				MTL_ENABLE_DEBUG_INFO = YES;
				ONLY_ACTIVE_ARCH = YES;
				SDKROOT = iphoneos;
				SWIFT_ACTIVE_COMPILATION_CONDITIONS = DEBUG;
				SWIFT_OPTIMIZATION_LEVEL = "-Onone";
			};
			name = Debug;
		};
		47A098EF1EF4D83E007699FE /* Release */ = {
			isa = XCBuildConfiguration;
			buildSettings = {
				ALWAYS_SEARCH_USER_PATHS = NO;
				CLANG_ANALYZER_NONNULL = YES;
				CLANG_ANALYZER_NUMBER_OBJECT_CONVERSION = YES_AGGRESSIVE;
				CLANG_CXX_LANGUAGE_STANDARD = "gnu++0x";
				CLANG_CXX_LIBRARY = "libc++";
				CLANG_ENABLE_MODULES = YES;
				CLANG_ENABLE_OBJC_ARC = YES;
				CLANG_WARN_BOOL_CONVERSION = YES;
				CLANG_WARN_CONSTANT_CONVERSION = YES;
				CLANG_WARN_DIRECT_OBJC_ISA_USAGE = YES_ERROR;
				CLANG_WARN_DOCUMENTATION_COMMENTS = YES;
				CLANG_WARN_EMPTY_BODY = YES;
				CLANG_WARN_ENUM_CONVERSION = YES;
				CLANG_WARN_INFINITE_RECURSION = YES;
				CLANG_WARN_INT_CONVERSION = YES;
				CLANG_WARN_OBJC_ROOT_CLASS = YES_ERROR;
				CLANG_WARN_SUSPICIOUS_MOVE = YES;
				CLANG_WARN_UNREACHABLE_CODE = YES;
				CLANG_WARN__DUPLICATE_METHOD_MATCH = YES;
				"CODE_SIGN_IDENTITY[sdk=iphoneos*]" = "iPhone Developer";
				COPY_PHASE_STRIP = NO;
				DEBUG_INFORMATION_FORMAT = "dwarf-with-dsym";
				ENABLE_NS_ASSERTIONS = NO;
				ENABLE_STRICT_OBJC_MSGSEND = YES;
				GCC_C_LANGUAGE_STANDARD = gnu99;
				GCC_NO_COMMON_BLOCKS = YES;
				GCC_WARN_64_TO_32_BIT_CONVERSION = YES;
				GCC_WARN_ABOUT_RETURN_TYPE = YES_ERROR;
				GCC_WARN_UNDECLARED_SELECTOR = YES;
				GCC_WARN_UNINITIALIZED_AUTOS = YES_AGGRESSIVE;
				GCC_WARN_UNUSED_FUNCTION = YES;
				GCC_WARN_UNUSED_VARIABLE = YES;
				IPHONEOS_DEPLOYMENT_TARGET = 11.0;
				MTL_ENABLE_DEBUG_INFO = NO;
				SDKROOT = iphoneos;
				SWIFT_OPTIMIZATION_LEVEL = "-Owholemodule";
				VALIDATE_PRODUCT = YES;
			};
			name = Release;
		};
		47A098F11EF4D83E007699FE /* Debug */ = {
			isa = XCBuildConfiguration;
			baseConfigurationReference = 8A3F13BD2F6B749485122B0C /* Pods-MyCalx.debug.xcconfig */;
			buildSettings = {
				ASSETCATALOG_COMPILER_APPICON_NAME = AppIcon;
				DEVELOPMENT_TEAM = 4V349GT37D;
				FRAMEWORK_SEARCH_PATHS = (
					"$(inherited)",
					"$(PROJECT_DIR)/MyCalx",
					"$(PROJECT_DIR)",
				);
				INFOPLIST_FILE = MyCalx/Info.plist;
				IPHONEOS_DEPLOYMENT_TARGET = 11.0;
				LD_RUNPATH_SEARCH_PATHS = "$(inherited) @executable_path/Frameworks";
				ONLY_ACTIVE_ARCH = YES;
				PRODUCT_BUNDLE_IDENTIFIER = com.dpate168.MyCalx;
				PRODUCT_NAME = "$(TARGET_NAME)";
				SDKROOT = iphoneos;
				SWIFT_VERSION = 3.0;
			};
			name = Debug;
		};
		47A098F21EF4D83E007699FE /* Release */ = {
			isa = XCBuildConfiguration;
			baseConfigurationReference = F7DE2A174AADEDD789C4212E /* Pods-MyCalx.release.xcconfig */;
			buildSettings = {
				ASSETCATALOG_COMPILER_APPICON_NAME = AppIcon;
				DEVELOPMENT_TEAM = 4V349GT37D;
				FRAMEWORK_SEARCH_PATHS = (
					"$(inherited)",
					"$(PROJECT_DIR)/MyCalx",
					"$(PROJECT_DIR)",
				);
				INFOPLIST_FILE = MyCalx/Info.plist;
				IPHONEOS_DEPLOYMENT_TARGET = 11.0;
				LD_RUNPATH_SEARCH_PATHS = "$(inherited) @executable_path/Frameworks";
				ONLY_ACTIVE_ARCH = NO;
				PRODUCT_BUNDLE_IDENTIFIER = com.dpate168.MyCalx;
				PRODUCT_NAME = "$(TARGET_NAME)";
				SDKROOT = iphoneos;
				SWIFT_VERSION = 3.0;
			};
			name = Release;
		};
/* End XCBuildConfiguration section */

/* Begin XCConfigurationList section */
		47A098D91EF4D83E007699FE /* Build configuration list for PBXProject "MyCalx" */ = {
			isa = XCConfigurationList;
			buildConfigurations = (
				47A098EE1EF4D83E007699FE /* Debug */,
				47A098EF1EF4D83E007699FE /* Release */,
			);
			defaultConfigurationIsVisible = 0;
			defaultConfigurationName = Release;
		};
		47A098F01EF4D83E007699FE /* Build configuration list for PBXNativeTarget "MyCalx" */ = {
			isa = XCConfigurationList;
			buildConfigurations = (
				47A098F11EF4D83E007699FE /* Debug */,
				47A098F21EF4D83E007699FE /* Release */,
			);
			defaultConfigurationIsVisible = 0;
			defaultConfigurationName = Release;
		};
/* End XCConfigurationList section */
	};
	rootObject = 47A098D61EF4D83E007699FE /* Project object */;
}
